
Microsoft Visual Studio Solution File, Format Version 12.00
# Visual Studio 15
Project("{FAE04EC0-301F-11D3-BF4B-00C04F79EFBC}") = "WiFiDemo.Android", "WiFiDemo.Android\WiFiDemo.Android.csproj", "{8FB2ED74-E07C-45D5-AFC0-01F8A4337427}"
EndProject
Project("{FAE04EC0-301F-11D3-BF4B-00C04F79EFBC}") = "WiFiDemo", "WiFiDemo\WiFiDemo.csproj", "{AEF107D0-C143-4707-83D5-E0EE4B926778}"
EndProject
Global
	GlobalSection(SolutionConfigurationPlatforms) = preSolution
		Debug|Any CPU = Debug|Any CPU
		Release|Any CPU = Release|Any CPU
		Debug|iPhoneSimulator = Debug|iPhoneSimulator
		Release|iPhoneSimulator = Release|iPhoneSimulator
		Debug|iPhone = Debug|iPhone
		Release|iPhone = Release|iPhone
	EndGlobalSection
	GlobalSection(ProjectConfigurationPlatforms) = postSolution
		{8FB2ED74-E07C-45D5-AFC0-01F8A4337427}.Debug|Any CPU.ActiveCfg = Debug|Any CPU
		{8FB2ED74-E07C-45D5-AFC0-01F8A4337427}.Debug|Any CPU.Build.0 = Debug|Any CPU
		{8FB2ED74-E07C-45D5-AFC0-01F8A4337427}.Release|Any CPU.ActiveCfg = Release|Any CPU
		{8FB2ED74-E07C-45D5-AFC0-01F8A4337427}.Release|Any CPU.Build.0 = Release|Any CPU
		{8FB2ED74-E07C-45D5-AFC0-01F8A4337427}.Debug|iPhoneSimulator.ActiveCfg = Debug|Any CPU
		{8FB2ED74-E07C-45D5-AFC0-01F8A4337427}.Debug|iPhoneSimulator.Build.0 = Debug|Any CPU
		{8FB2ED74-E07C-45D5-AFC0-01F8A4337427}.Release|iPhoneSimulator.ActiveCfg = Release|Any CPU
		{8FB2ED74-E07C-45D5-AFC0-01F8A4337427}.Release|iPhoneSimulator.Build.0 = Release|Any CPU
		{8FB2ED74-E07C-45D5-AFC0-01F8A4337427}.Debug|iPhone.ActiveCfg = Debug|Any CPU
		{8FB2ED74-E07C-45D5-AFC0-01F8A4337427}.Debug|iPhone.Build.0 = Debug|Any CPU
		{8FB2ED74-E07C-45D5-AFC0-01F8A4337427}.Release|iPhone.ActiveCfg = Release|Any CPU
		{8FB2ED74-E07C-45D5-AFC0-01F8A4337427}.Release|iPhone.Build.0 = Release|Any CPU
		{AEF107D0-C143-4707-83D5-E0EE4B926778}.Debug|Any CPU.ActiveCfg = Debug|Any CPU
		{AEF107D0-C143-4707-83D5-E0EE4B926778}.Debug|Any CPU.Build.0 = Debug|Any CPU
		{AEF107D0-C143-4707-83D5-E0EE4B926778}.Release|Any CPU.ActiveCfg = Release|Any CPU
		{AEF107D0-C143-4707-83D5-E0EE4B926778}.Release|Any CPU.Build.0 = Release|Any CPU
		{AEF107D0-C143-4707-83D5-E0EE4B926778}.Debug|iPhoneSimulator.ActiveCfg = Debug|Any CPU
		{AEF107D0-C143-4707-83D5-E0EE4B926778}.Debug|iPhoneSimulator.Build.0 = Debug|Any CPU
		{AEF107D0-C143-4707-83D5-E0EE4B926778}.Release|iPhoneSimulator.ActiveCfg = Release|Any CPU
		{AEF107D0-C143-4707-83D5-E0EE4B926778}.Release|iPhoneSimulator.Build.0 = Release|Any CPU
		{AEF107D0-C143-4707-83D5-E0EE4B926778}.Debug|iPhone.ActiveCfg = Debug|Any CPU
		{AEF107D0-C143-4707-83D5-E0EE4B926778}.Debug|iPhone.Build.0 = Debug|Any CPU
		{AEF107D0-C143-4707-83D5-E0EE4B926778}.Release|iPhone.ActiveCfg = Release|Any CPU
		{AEF107D0-C143-4707-83D5-E0EE4B926778}.Release|iPhone.Build.0 = Release|Any CPU
	EndGlobalSection
EndGlobal
